{
    "name": "jac",
    "version": "1.0.0",
    "lockfileVersion": 2,
    "requires": true,
    "packages": {
        "": {
            "name": "jac",
            "version": "1.0.0",
            "license": "MIT",
            "dependencies": {
                "commander": "^8.2.0"
            },
            "devDependencies": {
                "@tsconfig/node16": "^1.0.2",
                "@types/crc": "^3.4.0",
                "@types/node": "^17.0.10",
                "@types/serialport": "^8.0.2",
                "typescript": "^4.5.5"
            }
        },
        "node_modules/@tsconfig/node16": {
            "version": "1.0.2",
            "resolved": "https://registry.npmjs.org/@tsconfig/node16/-/node16-1.0.2.tgz",
            "integrity": "sha512-eZxlbI8GZscaGS7kkc/trHTT5xgrjH3/1n2JDwusC9iahPKWMRvRjJSAN5mCXviuTGQ/lHnhvv8Q1YTpnfz9gA==",
            "dev": true
        },
        "node_modules/@types/crc": {
            "version": "3.4.0",
            "resolved": "https://registry.npmjs.org/@types/crc/-/crc-3.4.0.tgz",
            "integrity": "sha1-I2a+tDmc1zSzPkLHrICVduYX1Io=",
            "dev": true,
            "dependencies": {
                "@types/node": "*"
            }
        },
        "node_modules/@types/node": {
            "version": "17.0.10",
            "resolved": "https://registry.npmjs.org/@types/node/-/node-17.0.10.tgz",
            "integrity": "sha512-S/3xB4KzyFxYGCppyDt68yzBU9ysL88lSdIah4D6cptdcltc4NCPCAMc0+PCpg/lLIyC7IPvj2Z52OJWeIUkog==",
            "dev": true
        },
        "node_modules/@types/serialport": {
            "version": "8.0.2",
            "resolved": "https://registry.npmjs.org/@types/serialport/-/serialport-8.0.2.tgz",
            "integrity": "sha512-z4b1I8/vdZE3upgCcAL9VAWlVVFUVn5uo3faAHavkVfK/Hb1LUxKwp9YCtA5AZqEUCWoSWl20SRTOvAI/5fQWQ==",
            "dev": true,
            "dependencies": {
                "@types/node": "*"
            }
        },
        "node_modules/commander": {
            "version": "8.3.0",
            "resolved": "https://registry.npmjs.org/commander/-/commander-8.3.0.tgz",
            "integrity": "sha512-OkTL9umf+He2DZkUq8f8J9of7yL6RJKI24dVITBmNfZBmri9zYZQrKkuXiKhyfPSu8tUhnVBB1iKXevvnlR4Ww==",
            "engines": {
                "node": ">= 12"
            }
        },
        "node_modules/typescript": {
            "version": "4.5.5",
            "resolved": "https://registry.npmjs.org/typescript/-/typescript-4.5.5.tgz",
            "integrity": "sha512-TCTIul70LyWe6IJWT8QSYeA54WQe8EjQFU4wY52Fasj5UKx88LNYKCgBEHcOMOrFF1rKGbD8v/xcNWVUq9SymA==",
            "dev": true,
            "bin": {
                "tsc": "bin/tsc",
                "tsserver": "bin/tsserver"
            },
            "engines": {
                "node": ">=4.2.0"
            }
        }
    },
    "dependencies": {
        "@tsconfig/node16": {
            "version": "1.0.2",
            "resolved": "https://registry.npmjs.org/@tsconfig/node16/-/node16-1.0.2.tgz",
            "integrity": "sha512-eZxlbI8GZscaGS7kkc/trHTT5xgrjH3/1n2JDwusC9iahPKWMRvRjJSAN5mCXviuTGQ/lHnhvv8Q1YTpnfz9gA==",
            "dev": true
        },
        "@types/crc": {
            "version": "3.4.0",
            "resolved": "https://registry.npmjs.org/@types/crc/-/crc-3.4.0.tgz",
            "integrity": "sha1-I2a+tDmc1zSzPkLHrICVduYX1Io=",
            "dev": true,
            "requires": {
                "@types/node": "*"
            }
        },
        "@types/node": {
            "version": "17.0.10",
            "resolved": "https://registry.npmjs.org/@types/node/-/node-17.0.10.tgz",
            "integrity": "sha512-S/3xB4KzyFxYGCppyDt68yzBU9ysL88lSdIah4D6cptdcltc4NCPCAMc0+PCpg/lLIyC7IPvj2Z52OJWeIUkog==",
            "dev": true
        },
        "@types/serialport": {
            "version": "8.0.2",
            "resolved": "https://registry.npmjs.org/@types/serialport/-/serialport-8.0.2.tgz",
            "integrity": "sha512-z4b1I8/vdZE3upgCcAL9VAWlVVFUVn5uo3faAHavkVfK/Hb1LUxKwp9YCtA5AZqEUCWoSWl20SRTOvAI/5fQWQ==",
            "dev": true,
            "requires": {
                "@types/node": "*"
            }
        },
        "commander": {
            "version": "8.3.0",
            "resolved": "https://registry.npmjs.org/commander/-/commander-8.3.0.tgz",
            "integrity": "sha512-OkTL9umf+He2DZkUq8f8J9of7yL6RJKI24dVITBmNfZBmri9zYZQrKkuXiKhyfPSu8tUhnVBB1iKXevvnlR4Ww=="
        },
        "typescript": {
            "version": "4.5.5",
            "resolved": "https://registry.npmjs.org/typescript/-/typescript-4.5.5.tgz",
            "integrity": "sha512-TCTIul70LyWe6IJWT8QSYeA54WQe8EjQFU4wY52Fasj5UKx88LNYKCgBEHcOMOrFF1rKGbD8v/xcNWVUq9SymA==",
            "dev": true
        }
    }
}
